
Microsoft Visual Studio Solution File, Format Version 11.00
# Visual Studio 2010
Project("{FAE04EC0-301F-11D3-BF4B-00C04F79EFBC}") = "Parkour_platformer", "Assembly-CSharp.csproj", "{C45A0D12-2013-5525-DC5B-D0E095B8DAF8}"
EndProject
Project("{FAE04EC0-301F-11D3-BF4B-00C04F79EFBC}") = "Parkour_platformer", "Assembly-CSharp-Editor.csproj", "{88577223-9004-B804-58ED-1C7701AC89A1}"
EndProject
Global
	GlobalSection(SolutionConfigurationPlatforms) = preSolution
		Debug|Any CPU = Debug|Any CPU
		Release|Any CPU = Release|Any CPU
	EndGlobalSection
	GlobalSection(ProjectConfigurationPlatforms) = postSolution
		{C45A0D12-2013-5525-DC5B-D0E095B8DAF8}.Debug|Any CPU.ActiveCfg = Debug|Any CPU
		{C45A0D12-2013-5525-DC5B-D0E095B8DAF8}.Debug|Any CPU.Build.0 = Debug|Any CPU
		{C45A0D12-2013-5525-DC5B-D0E095B8DAF8}.Release|Any CPU.ActiveCfg = Release|Any CPU
		{C45A0D12-2013-5525-DC5B-D0E095B8DAF8}.Release|Any CPU.Build.0 = Release|Any CPU
		{88577223-9004-B804-58ED-1C7701AC89A1}.Debug|Any CPU.ActiveCfg = Debug|Any CPU
		{88577223-9004-B804-58ED-1C7701AC89A1}.Debug|Any CPU.Build.0 = Debug|Any CPU
		{88577223-9004-B804-58ED-1C7701AC89A1}.Release|Any CPU.ActiveCfg = Release|Any CPU
		{88577223-9004-B804-58ED-1C7701AC89A1}.Release|Any CPU.Build.0 = Release|Any CPU
	EndGlobalSection
	GlobalSection(SolutionProperties) = preSolution
		HideSolutionNode = FALSE
	EndGlobalSection
	GlobalSection(MonoDevelopProperties) = preSolution
		StartupItem = Assembly-CSharp.csproj
	EndGlobalSection
EndGlobal
